
Microsoft Visual Studio Solution File, Format Version 12.00
# Visual Studio Version 16
VisualStudioVersion = 16.0.31729.503
MinimumVisualStudioVersion = 10.0.40219.1
Project("{FAE04EC0-301F-11D3-BF4B-00C04F79EFBC}") = "01. Number Pyramid", "01. Number Pyramid\01. Number Pyramid.csproj", "{E86C392E-A3BC-414C-9143-E2EC4EACC6AA}"
EndProject
Project("{FAE04EC0-301F-11D3-BF4B-00C04F79EFBC}") = "02. Equal Sums Even Odd Position", "02. Equal Sums Even Odd Position\02. Equal Sums Even Odd Position.csproj", "{D74CE344-FF99-48E3-8406-2CE3FCE5CFDE}"
EndProject
Project("{FAE04EC0-301F-11D3-BF4B-00C04F79EFBC}") = "03. Sum Prime Non Prime", "03. Sum Prime Non Prime\03. Sum Prime Non Prime.csproj", "{47CD8E5E-A7E3-450B-99E9-30FA14A38677}"
EndProject
Project("{FAE04EC0-301F-11D3-BF4B-00C04F79EFBC}") = "04. Train The Trainers", "04. Train The Trainers\04. Train The Trainers.csproj", "{CABCDA67-9B3E-44FF-B56E-9899AA33534A}"
EndProject
Project("{FAE04EC0-301F-11D3-BF4B-00C04F79EFBC}") = "05. Special Numbers", "05. Special Numbers\05. Special Numbers.csproj", "{C4A7C600-E9F9-4386-B887-DCF3297CBC03}"
EndProject
Project("{FAE04EC0-301F-11D3-BF4B-00C04F79EFBC}") = "06. Cinema Tickets", "06. Cinema Tickets\06. Cinema Tickets.csproj", "{A802A100-0632-407A-AC3E-09B6AB26DB8C}"
EndProject
Global
	GlobalSection(SolutionConfigurationPlatforms) = preSolution
		Debug|Any CPU = Debug|Any CPU
		Release|Any CPU = Release|Any CPU
	EndGlobalSection
	GlobalSection(ProjectConfigurationPlatforms) = postSolution
		{E86C392E-A3BC-414C-9143-E2EC4EACC6AA}.Debug|Any CPU.ActiveCfg = Debug|Any CPU
		{E86C392E-A3BC-414C-9143-E2EC4EACC6AA}.Debug|Any CPU.Build.0 = Debug|Any CPU
		{E86C392E-A3BC-414C-9143-E2EC4EACC6AA}.Release|Any CPU.ActiveCfg = Release|Any CPU
		{E86C392E-A3BC-414C-9143-E2EC4EACC6AA}.Release|Any CPU.Build.0 = Release|Any CPU
		{D74CE344-FF99-48E3-8406-2CE3FCE5CFDE}.Debug|Any CPU.ActiveCfg = Debug|Any CPU
		{D74CE344-FF99-48E3-8406-2CE3FCE5CFDE}.Debug|Any CPU.Build.0 = Debug|Any CPU
		{D74CE344-FF99-48E3-8406-2CE3FCE5CFDE}.Release|Any CPU.ActiveCfg = Release|Any CPU
		{D74CE344-FF99-48E3-8406-2CE3FCE5CFDE}.Release|Any CPU.Build.0 = Release|Any CPU
		{47CD8E5E-A7E3-450B-99E9-30FA14A38677}.Debug|Any CPU.ActiveCfg = Debug|Any CPU
		{47CD8E5E-A7E3-450B-99E9-30FA14A38677}.Debug|Any CPU.Build.0 = Debug|Any CPU
		{47CD8E5E-A7E3-450B-99E9-30FA14A38677}.Release|Any CPU.ActiveCfg = Release|Any CPU
		{47CD8E5E-A7E3-450B-99E9-30FA14A38677}.Release|Any CPU.Build.0 = Release|Any CPU
		{CABCDA67-9B3E-44FF-B56E-9899AA33534A}.Debug|Any CPU.ActiveCfg = Debug|Any CPU
		{CABCDA67-9B3E-44FF-B56E-9899AA33534A}.Debug|Any CPU.Build.0 = Debug|Any CPU
		{CABCDA67-9B3E-44FF-B56E-9899AA33534A}.Release|Any CPU.ActiveCfg = Release|Any CPU
		{CABCDA67-9B3E-44FF-B56E-9899AA33534A}.Release|Any CPU.Build.0 = Release|Any CPU
		{C4A7C600-E9F9-4386-B887-DCF3297CBC03}.Debug|Any CPU.ActiveCfg = Debug|Any CPU
		{C4A7C600-E9F9-4386-B887-DCF3297CBC03}.Debug|Any CPU.Build.0 = Debug|Any CPU
		{C4A7C600-E9F9-4386-B887-DCF3297CBC03}.Release|Any CPU.ActiveCfg = Release|Any CPU
		{C4A7C600-E9F9-4386-B887-DCF3297CBC03}.Release|Any CPU.Build.0 = Release|Any CPU
		{A802A100-0632-407A-AC3E-09B6AB26DB8C}.Debug|Any CPU.ActiveCfg = Debug|Any CPU
		{A802A100-0632-407A-AC3E-09B6AB26DB8C}.Debug|Any CPU.Build.0 = Debug|Any CPU
		{A802A100-0632-407A-AC3E-09B6AB26DB8C}.Release|Any CPU.ActiveCfg = Release|Any CPU
		{A802A100-0632-407A-AC3E-09B6AB26DB8C}.Release|Any CPU.Build.0 = Release|Any CPU
	EndGlobalSection
	GlobalSection(SolutionProperties) = preSolution
		HideSolutionNode = FALSE
	EndGlobalSection
	GlobalSection(ExtensibilityGlobals) = postSolution
		SolutionGuid = {D704B536-85E1-4597-8AF2-C1D8F40F3F29}
	EndGlobalSection
EndGlobal
