
Microsoft Visual Studio Solution File, Format Version 12.00
# Visual Studio Version 17
VisualStudioVersion = 17.2.32630.192
MinimumVisualStudioVersion = 10.0.40219.1
Project("{9A19103F-16F7-4668-BE54-9A1E7A4F7556}") = "Gym", "Gym\Gym\Gym.csproj", "{0151FF50-8BF0-43BD-9934-4C95B73D5C06}"
EndProject
Project("{9A19103F-16F7-4668-BE54-9A1E7A4F7556}") = "Gyms.Tests", "Gym\Gyms\Gyms.Tests\Gyms.Tests.csproj", "{0AAD3A36-0B00-46C0-B8CD-90F9A2EA3B31}"
EndProject
Project("{9A19103F-16F7-4668-BE54-9A1E7A4F7556}") = "Gyms", "Gym\Gyms\Gyms\Gyms.csproj", "{C0165F5E-8D5F-49D2-AFC0-73B8EA16DF06}"
EndProject
Project("{9A19103F-16F7-4668-BE54-9A1E7A4F7556}") = "WarCroft", "Warcroft\Warcroft\WarCroft.csproj", "{3F845A6E-D7E1-4867-B832-1F6297BE4111}"
EndProject
Project("{9A19103F-16F7-4668-BE54-9A1E7A4F7556}") = "FestivalManager", "Warcroft\FestivalManager\FestivalManager\FestivalManager.csproj", "{2EF57413-2B39-4BB3-98E5-35B7A988562A}"
EndProject
Project("{9A19103F-16F7-4668-BE54-9A1E7A4F7556}") = "FestivalManager.Tests", "Warcroft\FestivalManager\FestivalManager.Tests\FestivalManager.Tests.csproj", "{61C0546C-2C00-484A-800F-923FE84977FD}"
EndProject
Project("{9A19103F-16F7-4668-BE54-9A1E7A4F7556}") = "Heroes", "Heroes\Heroes\Heroes.csproj", "{7BE17FBF-5F3A-4725-BA2B-C1F7C8B09FF3}"
EndProject
Project("{9A19103F-16F7-4668-BE54-9A1E7A4F7556}") = "RepairShop", "Heroes\RepairShop\RepairShop\RepairShop.csproj", "{A94E8A1B-66D5-4012-A4D0-37E096E2142E}"
EndProject
Project("{9A19103F-16F7-4668-BE54-9A1E7A4F7556}") = "RepairShop.Tests", "Heroes\RepairShop\RepairShop.Tests\RepairShop.Tests.csproj", "{B8D17439-7301-4BB9-86FE-8555FFA8B8CE}"
EndProject
Project("{9A19103F-16F7-4668-BE54-9A1E7A4F7556}") = "Formula1", "Formula1\Formula1\Formula1.csproj", "{B0F22646-9BED-487A-8477-BA6A0B22E4F0}"
EndProject
Project("{9A19103F-16F7-4668-BE54-9A1E7A4F7556}") = "SmartphoneShop", "Formula1\SmartphoneShop\SmartphoneShop\SmartphoneShop.csproj", "{D44CA659-4FB8-40E7-AA03-75D7BB30D97C}"
EndProject
Project("{9A19103F-16F7-4668-BE54-9A1E7A4F7556}") = "SmartphoneShop.Tests", "Formula1\SmartphoneShop\SmartphoneShop.Tests\SmartphoneShop.Tests.csproj", "{523AEC58-0547-43B8-9E3D-530DB56ECB8D}"
EndProject
Project("{9A19103F-16F7-4668-BE54-9A1E7A4F7556}") = "NavalVessels", "NavalVessel\NavalVessels\NavalVessels.csproj", "{07F90097-EAB6-4A8D-A19C-9C766E9366E1}"
EndProject
Project("{9A19103F-16F7-4668-BE54-9A1E7A4F7556}") = "Book", "NavalVessel\Book\Book\Book.csproj", "{15C96F4E-4F03-47F5-84BC-B9AFBF4101AC}"
EndProject
Project("{9A19103F-16F7-4668-BE54-9A1E7A4F7556}") = "Book.Tests", "NavalVessel\Book\Book.Tests\Book.Tests.csproj", "{FE404B14-4188-40E1-A973-9FC21F75389E}"
EndProject
Project("{9A19103F-16F7-4668-BE54-9A1E7A4F7556}") = "SpaceStation", "SpaceStation\SpaceStation\SpaceStation.csproj", "{FA028D1E-5694-4798-9141-5DC4C5ED1EB1}"
EndProject
Project("{9A19103F-16F7-4668-BE54-9A1E7A4F7556}") = "HeroRepository", "SpaceStation\HeroRepository\HeroRepository.csproj", "{E887EC96-A045-470A-875E-6ACBAE054F58}"
EndProject
Project("{9A19103F-16F7-4668-BE54-9A1E7A4F7556}") = "HeroRepository.Tests", "SpaceStation\HeroRepository.Tests\HeroRepository.Tests.csproj", "{81176E26-5F8F-4E5D-BD73-CD9D3DEC91D3}"
EndProject
Project("{9A19103F-16F7-4668-BE54-9A1E7A4F7556}") = "CarRacing", "CarRacing\CarRacing\CarRacing.csproj", "{E192DA3C-91DB-4E36-A99E-69947A6AB502}"
EndProject
Project("{9A19103F-16F7-4668-BE54-9A1E7A4F7556}") = "Robots", "CarRacing\Robots\Robots.csproj", "{418CD55A-3525-4958-B912-A76B9B78988D}"
EndProject
Project("{9A19103F-16F7-4668-BE54-9A1E7A4F7556}") = "Robots.Tests", "CarRacing\Robots.Tests\Robots.Tests.csproj", "{8D3160C0-5D5F-425D-BDD8-6F11AF1C58F1}"
EndProject
Project("{9A19103F-16F7-4668-BE54-9A1E7A4F7556}") = "Easter", "Easter\Easter\Easter.csproj", "{2370E5AF-7958-49B3-8BE0-677F5A8AF06B}"
EndProject
Project("{9A19103F-16F7-4668-BE54-9A1E7A4F7556}") = "Presents", "Easter\Presents\Presents.csproj", "{19CE08A3-BD94-4F51-B610-A27C5A3E941A}"
EndProject
Project("{9A19103F-16F7-4668-BE54-9A1E7A4F7556}") = "Presents.Tests", "Easter\Presents.Tests\Presents.Tests.csproj", "{F938A146-7F27-4DF0-AAE9-40DA3FFECB73}"
EndProject
Project("{9A19103F-16F7-4668-BE54-9A1E7A4F7556}") = "Aquariums", "AquaShop\Aquariums\Aquariums.csproj", "{C2CAE307-72F9-4B67-B430-EF331625802F}"
EndProject
Project("{9A19103F-16F7-4668-BE54-9A1E7A4F7556}") = "Aquariums.Tests", "AquaShop\Aquariums.Tests\Aquariums.Tests.csproj", "{504ED4F1-3E34-4D7C-ADB2-11033281BE6B}"
EndProject
Project("{9A19103F-16F7-4668-BE54-9A1E7A4F7556}") = "AquaShop", "AquaShop\AquaShop\AquaShop.csproj", "{01B8B975-93C6-4DDC-8658-B90611D1A05F}"
EndProject
Project("{9A19103F-16F7-4668-BE54-9A1E7A4F7556}") = "Bakery", "Bakery\Bakery\Bakery.csproj", "{EC6BC027-10A5-46E7-B8F8-445A54AD1757}"
EndProject
Project("{9A19103F-16F7-4668-BE54-9A1E7A4F7556}") = "BankSafe", "Bakery\BankSafe\BankSafe.csproj", "{24968CEF-8824-4F5A-BA60-2C1004A77677}"
EndProject
Project("{9A19103F-16F7-4668-BE54-9A1E7A4F7556}") = "BankSafe.Tests", "Bakery\BankSafe.Tests\BankSafe.Tests.csproj", "{CB501A6B-7698-4511-99E0-BA57AF506A60}"
EndProject
Global
	GlobalSection(SolutionConfigurationPlatforms) = preSolution
		Debug|Any CPU = Debug|Any CPU
		Release|Any CPU = Release|Any CPU
		Test|Any CPU = Test|Any CPU
	EndGlobalSection
	GlobalSection(ProjectConfigurationPlatforms) = postSolution
		{0151FF50-8BF0-43BD-9934-4C95B73D5C06}.Debug|Any CPU.ActiveCfg = Debug|Any CPU
		{0151FF50-8BF0-43BD-9934-4C95B73D5C06}.Debug|Any CPU.Build.0 = Debug|Any CPU
		{0151FF50-8BF0-43BD-9934-4C95B73D5C06}.Release|Any CPU.ActiveCfg = Release|Any CPU
		{0151FF50-8BF0-43BD-9934-4C95B73D5C06}.Release|Any CPU.Build.0 = Release|Any CPU
		{0151FF50-8BF0-43BD-9934-4C95B73D5C06}.Test|Any CPU.ActiveCfg = Release|Any CPU
		{0151FF50-8BF0-43BD-9934-4C95B73D5C06}.Test|Any CPU.Build.0 = Release|Any CPU
		{0AAD3A36-0B00-46C0-B8CD-90F9A2EA3B31}.Debug|Any CPU.ActiveCfg = Debug|Any CPU
		{0AAD3A36-0B00-46C0-B8CD-90F9A2EA3B31}.Debug|Any CPU.Build.0 = Debug|Any CPU
		{0AAD3A36-0B00-46C0-B8CD-90F9A2EA3B31}.Release|Any CPU.ActiveCfg = Release|Any CPU
		{0AAD3A36-0B00-46C0-B8CD-90F9A2EA3B31}.Release|Any CPU.Build.0 = Release|Any CPU
		{0AAD3A36-0B00-46C0-B8CD-90F9A2EA3B31}.Test|Any CPU.ActiveCfg = Release|Any CPU
		{0AAD3A36-0B00-46C0-B8CD-90F9A2EA3B31}.Test|Any CPU.Build.0 = Release|Any CPU
		{C0165F5E-8D5F-49D2-AFC0-73B8EA16DF06}.Debug|Any CPU.ActiveCfg = Debug|Any CPU
		{C0165F5E-8D5F-49D2-AFC0-73B8EA16DF06}.Debug|Any CPU.Build.0 = Debug|Any CPU
		{C0165F5E-8D5F-49D2-AFC0-73B8EA16DF06}.Release|Any CPU.ActiveCfg = Release|Any CPU
		{C0165F5E-8D5F-49D2-AFC0-73B8EA16DF06}.Release|Any CPU.Build.0 = Release|Any CPU
		{C0165F5E-8D5F-49D2-AFC0-73B8EA16DF06}.Test|Any CPU.ActiveCfg = Release|Any CPU
		{C0165F5E-8D5F-49D2-AFC0-73B8EA16DF06}.Test|Any CPU.Build.0 = Release|Any CPU
		{3F845A6E-D7E1-4867-B832-1F6297BE4111}.Debug|Any CPU.ActiveCfg = Debug|Any CPU
		{3F845A6E-D7E1-4867-B832-1F6297BE4111}.Debug|Any CPU.Build.0 = Debug|Any CPU
		{3F845A6E-D7E1-4867-B832-1F6297BE4111}.Release|Any CPU.ActiveCfg = Release|Any CPU
		{3F845A6E-D7E1-4867-B832-1F6297BE4111}.Release|Any CPU.Build.0 = Release|Any CPU
		{3F845A6E-D7E1-4867-B832-1F6297BE4111}.Test|Any CPU.ActiveCfg = Debug|Any CPU
		{3F845A6E-D7E1-4867-B832-1F6297BE4111}.Test|Any CPU.Build.0 = Debug|Any CPU
		{2EF57413-2B39-4BB3-98E5-35B7A988562A}.Debug|Any CPU.ActiveCfg = Debug|Any CPU
		{2EF57413-2B39-4BB3-98E5-35B7A988562A}.Debug|Any CPU.Build.0 = Debug|Any CPU
		{2EF57413-2B39-4BB3-98E5-35B7A988562A}.Release|Any CPU.ActiveCfg = Release|Any CPU
		{2EF57413-2B39-4BB3-98E5-35B7A988562A}.Release|Any CPU.Build.0 = Release|Any CPU
		{2EF57413-2B39-4BB3-98E5-35B7A988562A}.Test|Any CPU.ActiveCfg = Test|Any CPU
		{2EF57413-2B39-4BB3-98E5-35B7A988562A}.Test|Any CPU.Build.0 = Test|Any CPU
		{61C0546C-2C00-484A-800F-923FE84977FD}.Debug|Any CPU.ActiveCfg = Debug|Any CPU
		{61C0546C-2C00-484A-800F-923FE84977FD}.Debug|Any CPU.Build.0 = Debug|Any CPU
		{61C0546C-2C00-484A-800F-923FE84977FD}.Release|Any CPU.ActiveCfg = Release|Any CPU
		{61C0546C-2C00-484A-800F-923FE84977FD}.Release|Any CPU.Build.0 = Release|Any CPU
		{61C0546C-2C00-484A-800F-923FE84977FD}.Test|Any CPU.ActiveCfg = Debug|Any CPU
		{61C0546C-2C00-484A-800F-923FE84977FD}.Test|Any CPU.Build.0 = Debug|Any CPU
		{7BE17FBF-5F3A-4725-BA2B-C1F7C8B09FF3}.Debug|Any CPU.ActiveCfg = Debug|Any CPU
		{7BE17FBF-5F3A-4725-BA2B-C1F7C8B09FF3}.Debug|Any CPU.Build.0 = Debug|Any CPU
		{7BE17FBF-5F3A-4725-BA2B-C1F7C8B09FF3}.Release|Any CPU.ActiveCfg = Release|Any CPU
		{7BE17FBF-5F3A-4725-BA2B-C1F7C8B09FF3}.Release|Any CPU.Build.0 = Release|Any CPU
		{7BE17FBF-5F3A-4725-BA2B-C1F7C8B09FF3}.Test|Any CPU.ActiveCfg = Debug|Any CPU
		{7BE17FBF-5F3A-4725-BA2B-C1F7C8B09FF3}.Test|Any CPU.Build.0 = Debug|Any CPU
		{A94E8A1B-66D5-4012-A4D0-37E096E2142E}.Debug|Any CPU.ActiveCfg = Debug|Any CPU
		{A94E8A1B-66D5-4012-A4D0-37E096E2142E}.Debug|Any CPU.Build.0 = Debug|Any CPU
		{A94E8A1B-66D5-4012-A4D0-37E096E2142E}.Release|Any CPU.ActiveCfg = Release|Any CPU
		{A94E8A1B-66D5-4012-A4D0-37E096E2142E}.Release|Any CPU.Build.0 = Release|Any CPU
		{A94E8A1B-66D5-4012-A4D0-37E096E2142E}.Test|Any CPU.ActiveCfg = Debug|Any CPU
		{A94E8A1B-66D5-4012-A4D0-37E096E2142E}.Test|Any CPU.Build.0 = Debug|Any CPU
		{B8D17439-7301-4BB9-86FE-8555FFA8B8CE}.Debug|Any CPU.ActiveCfg = Debug|Any CPU
		{B8D17439-7301-4BB9-86FE-8555FFA8B8CE}.Debug|Any CPU.Build.0 = Debug|Any CPU
		{B8D17439-7301-4BB9-86FE-8555FFA8B8CE}.Release|Any CPU.ActiveCfg = Release|Any CPU
		{B8D17439-7301-4BB9-86FE-8555FFA8B8CE}.Release|Any CPU.Build.0 = Release|Any CPU
		{B8D17439-7301-4BB9-86FE-8555FFA8B8CE}.Test|Any CPU.ActiveCfg = Debug|Any CPU
		{B8D17439-7301-4BB9-86FE-8555FFA8B8CE}.Test|Any CPU.Build.0 = Debug|Any CPU
		{B0F22646-9BED-487A-8477-BA6A0B22E4F0}.Debug|Any CPU.ActiveCfg = Debug|Any CPU
		{B0F22646-9BED-487A-8477-BA6A0B22E4F0}.Debug|Any CPU.Build.0 = Debug|Any CPU
		{B0F22646-9BED-487A-8477-BA6A0B22E4F0}.Release|Any CPU.ActiveCfg = Release|Any CPU
		{B0F22646-9BED-487A-8477-BA6A0B22E4F0}.Release|Any CPU.Build.0 = Release|Any CPU
		{B0F22646-9BED-487A-8477-BA6A0B22E4F0}.Test|Any CPU.ActiveCfg = Debug|Any CPU
		{B0F22646-9BED-487A-8477-BA6A0B22E4F0}.Test|Any CPU.Build.0 = Debug|Any CPU
		{D44CA659-4FB8-40E7-AA03-75D7BB30D97C}.Debug|Any CPU.ActiveCfg = Debug|Any CPU
		{D44CA659-4FB8-40E7-AA03-75D7BB30D97C}.Debug|Any CPU.Build.0 = Debug|Any CPU
		{D44CA659-4FB8-40E7-AA03-75D7BB30D97C}.Release|Any CPU.ActiveCfg = Release|Any CPU
		{D44CA659-4FB8-40E7-AA03-75D7BB30D97C}.Release|Any CPU.Build.0 = Release|Any CPU
		{D44CA659-4FB8-40E7-AA03-75D7BB30D97C}.Test|Any CPU.ActiveCfg = Debug|Any CPU
		{D44CA659-4FB8-40E7-AA03-75D7BB30D97C}.Test|Any CPU.Build.0 = Debug|Any CPU
		{523AEC58-0547-43B8-9E3D-530DB56ECB8D}.Debug|Any CPU.ActiveCfg = Debug|Any CPU
		{523AEC58-0547-43B8-9E3D-530DB56ECB8D}.Debug|Any CPU.Build.0 = Debug|Any CPU
		{523AEC58-0547-43B8-9E3D-530DB56ECB8D}.Release|Any CPU.ActiveCfg = Release|Any CPU
		{523AEC58-0547-43B8-9E3D-530DB56ECB8D}.Release|Any CPU.Build.0 = Release|Any CPU
		{523AEC58-0547-43B8-9E3D-530DB56ECB8D}.Test|Any CPU.ActiveCfg = Debug|Any CPU
		{523AEC58-0547-43B8-9E3D-530DB56ECB8D}.Test|Any CPU.Build.0 = Debug|Any CPU
		{07F90097-EAB6-4A8D-A19C-9C766E9366E1}.Debug|Any CPU.ActiveCfg = Debug|Any CPU
		{07F90097-EAB6-4A8D-A19C-9C766E9366E1}.Debug|Any CPU.Build.0 = Debug|Any CPU
		{07F90097-EAB6-4A8D-A19C-9C766E9366E1}.Release|Any CPU.ActiveCfg = Release|Any CPU
		{07F90097-EAB6-4A8D-A19C-9C766E9366E1}.Release|Any CPU.Build.0 = Release|Any CPU
		{07F90097-EAB6-4A8D-A19C-9C766E9366E1}.Test|Any CPU.ActiveCfg = Debug|Any CPU
		{07F90097-EAB6-4A8D-A19C-9C766E9366E1}.Test|Any CPU.Build.0 = Debug|Any CPU
		{15C96F4E-4F03-47F5-84BC-B9AFBF4101AC}.Debug|Any CPU.ActiveCfg = Debug|Any CPU
		{15C96F4E-4F03-47F5-84BC-B9AFBF4101AC}.Debug|Any CPU.Build.0 = Debug|Any CPU
		{15C96F4E-4F03-47F5-84BC-B9AFBF4101AC}.Release|Any CPU.ActiveCfg = Release|Any CPU
		{15C96F4E-4F03-47F5-84BC-B9AFBF4101AC}.Release|Any CPU.Build.0 = Release|Any CPU
		{15C96F4E-4F03-47F5-84BC-B9AFBF4101AC}.Test|Any CPU.ActiveCfg = Debug|Any CPU
		{15C96F4E-4F03-47F5-84BC-B9AFBF4101AC}.Test|Any CPU.Build.0 = Debug|Any CPU
		{FE404B14-4188-40E1-A973-9FC21F75389E}.Debug|Any CPU.ActiveCfg = Debug|Any CPU
		{FE404B14-4188-40E1-A973-9FC21F75389E}.Debug|Any CPU.Build.0 = Debug|Any CPU
		{FE404B14-4188-40E1-A973-9FC21F75389E}.Release|Any CPU.ActiveCfg = Release|Any CPU
		{FE404B14-4188-40E1-A973-9FC21F75389E}.Release|Any CPU.Build.0 = Release|Any CPU
		{FE404B14-4188-40E1-A973-9FC21F75389E}.Test|Any CPU.ActiveCfg = Debug|Any CPU
		{FE404B14-4188-40E1-A973-9FC21F75389E}.Test|Any CPU.Build.0 = Debug|Any CPU
		{FA028D1E-5694-4798-9141-5DC4C5ED1EB1}.Debug|Any CPU.ActiveCfg = Debug|Any CPU
		{FA028D1E-5694-4798-9141-5DC4C5ED1EB1}.Debug|Any CPU.Build.0 = Debug|Any CPU
		{FA028D1E-5694-4798-9141-5DC4C5ED1EB1}.Release|Any CPU.ActiveCfg = Release|Any CPU
		{FA028D1E-5694-4798-9141-5DC4C5ED1EB1}.Release|Any CPU.Build.0 = Release|Any CPU
		{FA028D1E-5694-4798-9141-5DC4C5ED1EB1}.Test|Any CPU.ActiveCfg = Debug|Any CPU
		{FA028D1E-5694-4798-9141-5DC4C5ED1EB1}.Test|Any CPU.Build.0 = Debug|Any CPU
		{E887EC96-A045-470A-875E-6ACBAE054F58}.Debug|Any CPU.ActiveCfg = Debug|Any CPU
		{E887EC96-A045-470A-875E-6ACBAE054F58}.Debug|Any CPU.Build.0 = Debug|Any CPU
		{E887EC96-A045-470A-875E-6ACBAE054F58}.Release|Any CPU.ActiveCfg = Release|Any CPU
		{E887EC96-A045-470A-875E-6ACBAE054F58}.Release|Any CPU.Build.0 = Release|Any CPU
		{E887EC96-A045-470A-875E-6ACBAE054F58}.Test|Any CPU.ActiveCfg = Debug|Any CPU
		{E887EC96-A045-470A-875E-6ACBAE054F58}.Test|Any CPU.Build.0 = Debug|Any CPU
		{81176E26-5F8F-4E5D-BD73-CD9D3DEC91D3}.Debug|Any CPU.ActiveCfg = Debug|Any CPU
		{81176E26-5F8F-4E5D-BD73-CD9D3DEC91D3}.Debug|Any CPU.Build.0 = Debug|Any CPU
		{81176E26-5F8F-4E5D-BD73-CD9D3DEC91D3}.Release|Any CPU.ActiveCfg = Release|Any CPU
		{81176E26-5F8F-4E5D-BD73-CD9D3DEC91D3}.Release|Any CPU.Build.0 = Release|Any CPU
		{81176E26-5F8F-4E5D-BD73-CD9D3DEC91D3}.Test|Any CPU.ActiveCfg = Debug|Any CPU
		{81176E26-5F8F-4E5D-BD73-CD9D3DEC91D3}.Test|Any CPU.Build.0 = Debug|Any CPU
		{E192DA3C-91DB-4E36-A99E-69947A6AB502}.Debug|Any CPU.ActiveCfg = Debug|Any CPU
		{E192DA3C-91DB-4E36-A99E-69947A6AB502}.Debug|Any CPU.Build.0 = Debug|Any CPU
		{E192DA3C-91DB-4E36-A99E-69947A6AB502}.Release|Any CPU.ActiveCfg = Release|Any CPU
		{E192DA3C-91DB-4E36-A99E-69947A6AB502}.Release|Any CPU.Build.0 = Release|Any CPU
		{E192DA3C-91DB-4E36-A99E-69947A6AB502}.Test|Any CPU.ActiveCfg = Debug|Any CPU
		{E192DA3C-91DB-4E36-A99E-69947A6AB502}.Test|Any CPU.Build.0 = Debug|Any CPU
		{418CD55A-3525-4958-B912-A76B9B78988D}.Debug|Any CPU.ActiveCfg = Debug|Any CPU
		{418CD55A-3525-4958-B912-A76B9B78988D}.Debug|Any CPU.Build.0 = Debug|Any CPU
		{418CD55A-3525-4958-B912-A76B9B78988D}.Release|Any CPU.ActiveCfg = Release|Any CPU
		{418CD55A-3525-4958-B912-A76B9B78988D}.Release|Any CPU.Build.0 = Release|Any CPU
		{418CD55A-3525-4958-B912-A76B9B78988D}.Test|Any CPU.ActiveCfg = Debug|Any CPU
		{418CD55A-3525-4958-B912-A76B9B78988D}.Test|Any CPU.Build.0 = Debug|Any CPU
		{8D3160C0-5D5F-425D-BDD8-6F11AF1C58F1}.Debug|Any CPU.ActiveCfg = Debug|Any CPU
		{8D3160C0-5D5F-425D-BDD8-6F11AF1C58F1}.Debug|Any CPU.Build.0 = Debug|Any CPU
		{8D3160C0-5D5F-425D-BDD8-6F11AF1C58F1}.Release|Any CPU.ActiveCfg = Release|Any CPU
		{8D3160C0-5D5F-425D-BDD8-6F11AF1C58F1}.Release|Any CPU.Build.0 = Release|Any CPU
		{8D3160C0-5D5F-425D-BDD8-6F11AF1C58F1}.Test|Any CPU.ActiveCfg = Debug|Any CPU
		{8D3160C0-5D5F-425D-BDD8-6F11AF1C58F1}.Test|Any CPU.Build.0 = Debug|Any CPU
		{2370E5AF-7958-49B3-8BE0-677F5A8AF06B}.Debug|Any CPU.ActiveCfg = Debug|Any CPU
		{2370E5AF-7958-49B3-8BE0-677F5A8AF06B}.Debug|Any CPU.Build.0 = Debug|Any CPU
		{2370E5AF-7958-49B3-8BE0-677F5A8AF06B}.Release|Any CPU.ActiveCfg = Release|Any CPU
		{2370E5AF-7958-49B3-8BE0-677F5A8AF06B}.Release|Any CPU.Build.0 = Release|Any CPU
		{2370E5AF-7958-49B3-8BE0-677F5A8AF06B}.Test|Any CPU.ActiveCfg = Debug|Any CPU
		{2370E5AF-7958-49B3-8BE0-677F5A8AF06B}.Test|Any CPU.Build.0 = Debug|Any CPU
		{19CE08A3-BD94-4F51-B610-A27C5A3E941A}.Debug|Any CPU.ActiveCfg = Debug|Any CPU
		{19CE08A3-BD94-4F51-B610-A27C5A3E941A}.Debug|Any CPU.Build.0 = Debug|Any CPU
		{19CE08A3-BD94-4F51-B610-A27C5A3E941A}.Release|Any CPU.ActiveCfg = Release|Any CPU
		{19CE08A3-BD94-4F51-B610-A27C5A3E941A}.Release|Any CPU.Build.0 = Release|Any CPU
		{19CE08A3-BD94-4F51-B610-A27C5A3E941A}.Test|Any CPU.ActiveCfg = Debug|Any CPU
		{19CE08A3-BD94-4F51-B610-A27C5A3E941A}.Test|Any CPU.Build.0 = Debug|Any CPU
		{F938A146-7F27-4DF0-AAE9-40DA3FFECB73}.Debug|Any CPU.ActiveCfg = Debug|Any CPU
		{F938A146-7F27-4DF0-AAE9-40DA3FFECB73}.Debug|Any CPU.Build.0 = Debug|Any CPU
		{F938A146-7F27-4DF0-AAE9-40DA3FFECB73}.Release|Any CPU.ActiveCfg = Release|Any CPU
		{F938A146-7F27-4DF0-AAE9-40DA3FFECB73}.Release|Any CPU.Build.0 = Release|Any CPU
		{F938A146-7F27-4DF0-AAE9-40DA3FFECB73}.Test|Any CPU.ActiveCfg = Debug|Any CPU
		{F938A146-7F27-4DF0-AAE9-40DA3FFECB73}.Test|Any CPU.Build.0 = Debug|Any CPU
		{C2CAE307-72F9-4B67-B430-EF331625802F}.Debug|Any CPU.ActiveCfg = Debug|Any CPU
		{C2CAE307-72F9-4B67-B430-EF331625802F}.Debug|Any CPU.Build.0 = Debug|Any CPU
		{C2CAE307-72F9-4B67-B430-EF331625802F}.Release|Any CPU.ActiveCfg = Release|Any CPU
		{C2CAE307-72F9-4B67-B430-EF331625802F}.Release|Any CPU.Build.0 = Release|Any CPU
		{C2CAE307-72F9-4B67-B430-EF331625802F}.Test|Any CPU.ActiveCfg = Debug|Any CPU
		{C2CAE307-72F9-4B67-B430-EF331625802F}.Test|Any CPU.Build.0 = Debug|Any CPU
		{504ED4F1-3E34-4D7C-ADB2-11033281BE6B}.Debug|Any CPU.ActiveCfg = Debug|Any CPU
		{504ED4F1-3E34-4D7C-ADB2-11033281BE6B}.Debug|Any CPU.Build.0 = Debug|Any CPU
		{504ED4F1-3E34-4D7C-ADB2-11033281BE6B}.Release|Any CPU.ActiveCfg = Release|Any CPU
		{504ED4F1-3E34-4D7C-ADB2-11033281BE6B}.Release|Any CPU.Build.0 = Release|Any CPU
		{504ED4F1-3E34-4D7C-ADB2-11033281BE6B}.Test|Any CPU.ActiveCfg = Debug|Any CPU
		{504ED4F1-3E34-4D7C-ADB2-11033281BE6B}.Test|Any CPU.Build.0 = Debug|Any CPU
		{01B8B975-93C6-4DDC-8658-B90611D1A05F}.Debug|Any CPU.ActiveCfg = Debug|Any CPU
		{01B8B975-93C6-4DDC-8658-B90611D1A05F}.Debug|Any CPU.Build.0 = Debug|Any CPU
		{01B8B975-93C6-4DDC-8658-B90611D1A05F}.Release|Any CPU.ActiveCfg = Release|Any CPU
		{01B8B975-93C6-4DDC-8658-B90611D1A05F}.Release|Any CPU.Build.0 = Release|Any CPU
		{01B8B975-93C6-4DDC-8658-B90611D1A05F}.Test|Any CPU.ActiveCfg = Debug|Any CPU
		{01B8B975-93C6-4DDC-8658-B90611D1A05F}.Test|Any CPU.Build.0 = Debug|Any CPU
		{EC6BC027-10A5-46E7-B8F8-445A54AD1757}.Debug|Any CPU.ActiveCfg = Debug|Any CPU
		{EC6BC027-10A5-46E7-B8F8-445A54AD1757}.Debug|Any CPU.Build.0 = Debug|Any CPU
		{EC6BC027-10A5-46E7-B8F8-445A54AD1757}.Release|Any CPU.ActiveCfg = Release|Any CPU
		{EC6BC027-10A5-46E7-B8F8-445A54AD1757}.Release|Any CPU.Build.0 = Release|Any CPU
		{EC6BC027-10A5-46E7-B8F8-445A54AD1757}.Test|Any CPU.ActiveCfg = Debug|Any CPU
		{EC6BC027-10A5-46E7-B8F8-445A54AD1757}.Test|Any CPU.Build.0 = Debug|Any CPU
		{24968CEF-8824-4F5A-BA60-2C1004A77677}.Debug|Any CPU.ActiveCfg = Debug|Any CPU
		{24968CEF-8824-4F5A-BA60-2C1004A77677}.Debug|Any CPU.Build.0 = Debug|Any CPU
		{24968CEF-8824-4F5A-BA60-2C1004A77677}.Release|Any CPU.ActiveCfg = Release|Any CPU
		{24968CEF-8824-4F5A-BA60-2C1004A77677}.Release|Any CPU.Build.0 = Release|Any CPU
		{24968CEF-8824-4F5A-BA60-2C1004A77677}.Test|Any CPU.ActiveCfg = Debug|Any CPU
		{24968CEF-8824-4F5A-BA60-2C1004A77677}.Test|Any CPU.Build.0 = Debug|Any CPU
		{CB501A6B-7698-4511-99E0-BA57AF506A60}.Debug|Any CPU.ActiveCfg = Debug|Any CPU
		{CB501A6B-7698-4511-99E0-BA57AF506A60}.Debug|Any CPU.Build.0 = Debug|Any CPU
		{CB501A6B-7698-4511-99E0-BA57AF506A60}.Release|Any CPU.ActiveCfg = Release|Any CPU
		{CB501A6B-7698-4511-99E0-BA57AF506A60}.Release|Any CPU.Build.0 = Release|Any CPU
		{CB501A6B-7698-4511-99E0-BA57AF506A60}.Test|Any CPU.ActiveCfg = Debug|Any CPU
		{CB501A6B-7698-4511-99E0-BA57AF506A60}.Test|Any CPU.Build.0 = Debug|Any CPU
	EndGlobalSection
	GlobalSection(SolutionProperties) = preSolution
		HideSolutionNode = FALSE
	EndGlobalSection
	GlobalSection(ExtensibilityGlobals) = postSolution
		SolutionGuid = {E4906BE8-5371-4969-8177-FD0C3AF7C079}
	EndGlobalSection
EndGlobal
