
Microsoft Visual Studio Solution File, Format Version 12.00
# Visual Studio Version 16
VisualStudioVersion = 16.0.31727.386
MinimumVisualStudioVersion = 10.0.40219.1
Project("{9A19103F-16F7-4668-BE54-9A1E7A4F7556}") = "numbers1-100", "numbers1-100\numbers1-100.csproj", "{23314272-FD7E-4741-9E17-5B5C122232E3}"
EndProject
Project("{9A19103F-16F7-4668-BE54-9A1E7A4F7556}") = "numbersN-1", "numbersN-1\numbersN-1.csproj", "{4316B7D0-A984-4887-84EC-146A5F82A14D}"
EndProject
Project("{9A19103F-16F7-4668-BE54-9A1E7A4F7556}") = "1toNby3", "1toNby3\1toNby3.csproj", "{BE8CCA5D-F50B-4D40-B11B-44C273922BE6}"
EndProject
Project("{9A19103F-16F7-4668-BE54-9A1E7A4F7556}") = "powersOn2", "powersOn2\powersOn2.csproj", "{BECE2E4E-3725-45B5-945B-2F352A781217}"
EndProject
Project("{9A19103F-16F7-4668-BE54-9A1E7A4F7556}") = "symbolSteam", "symbolSteam\symbolSteam.csproj", "{39CA3A86-6486-4BE1-9C16-030BF0E4C2E4}"
EndProject
Project("{9A19103F-16F7-4668-BE54-9A1E7A4F7556}") = "sumOfLetters", "sumOfLetters\sumOfLetters.csproj", "{4F86BA8C-A902-4FEC-9811-5633D96D72F4}"
EndProject
Project("{9A19103F-16F7-4668-BE54-9A1E7A4F7556}") = "numbersSum", "numbersSum\numbersSum.csproj", "{ABD4A2F9-6136-4DC5-BB2B-8506762FE8F1}"
EndProject
Project("{9A19103F-16F7-4668-BE54-9A1E7A4F7556}") = "numberSequence", "numberSequence\numberSequence.csproj", "{88C8B981-E526-4ECE-90A9-7BD8235C78D6}"
EndProject
Project("{9A19103F-16F7-4668-BE54-9A1E7A4F7556}") = "leftAndRightSum", "leftAndRightSum\leftAndRightSum.csproj", "{94477332-ABCD-4E4E-95A4-C87311A114B6}"
EndProject
Project("{9A19103F-16F7-4668-BE54-9A1E7A4F7556}") = "oddEvenSum", "oddEvenSum\oddEvenSum.csproj", "{54AA65CF-1ECF-4CEE-BBFC-021AEF460AA1}"
EndProject
Global
	GlobalSection(SolutionConfigurationPlatforms) = preSolution
		Debug|Any CPU = Debug|Any CPU
		Release|Any CPU = Release|Any CPU
	EndGlobalSection
	GlobalSection(ProjectConfigurationPlatforms) = postSolution
		{23314272-FD7E-4741-9E17-5B5C122232E3}.Debug|Any CPU.ActiveCfg = Debug|Any CPU
		{23314272-FD7E-4741-9E17-5B5C122232E3}.Debug|Any CPU.Build.0 = Debug|Any CPU
		{23314272-FD7E-4741-9E17-5B5C122232E3}.Release|Any CPU.ActiveCfg = Release|Any CPU
		{23314272-FD7E-4741-9E17-5B5C122232E3}.Release|Any CPU.Build.0 = Release|Any CPU
		{4316B7D0-A984-4887-84EC-146A5F82A14D}.Debug|Any CPU.ActiveCfg = Debug|Any CPU
		{4316B7D0-A984-4887-84EC-146A5F82A14D}.Debug|Any CPU.Build.0 = Debug|Any CPU
		{4316B7D0-A984-4887-84EC-146A5F82A14D}.Release|Any CPU.ActiveCfg = Release|Any CPU
		{4316B7D0-A984-4887-84EC-146A5F82A14D}.Release|Any CPU.Build.0 = Release|Any CPU
		{BE8CCA5D-F50B-4D40-B11B-44C273922BE6}.Debug|Any CPU.ActiveCfg = Debug|Any CPU
		{BE8CCA5D-F50B-4D40-B11B-44C273922BE6}.Debug|Any CPU.Build.0 = Debug|Any CPU
		{BE8CCA5D-F50B-4D40-B11B-44C273922BE6}.Release|Any CPU.ActiveCfg = Release|Any CPU
		{BE8CCA5D-F50B-4D40-B11B-44C273922BE6}.Release|Any CPU.Build.0 = Release|Any CPU
		{BECE2E4E-3725-45B5-945B-2F352A781217}.Debug|Any CPU.ActiveCfg = Debug|Any CPU
		{BECE2E4E-3725-45B5-945B-2F352A781217}.Debug|Any CPU.Build.0 = Debug|Any CPU
		{BECE2E4E-3725-45B5-945B-2F352A781217}.Release|Any CPU.ActiveCfg = Release|Any CPU
		{BECE2E4E-3725-45B5-945B-2F352A781217}.Release|Any CPU.Build.0 = Release|Any CPU
		{39CA3A86-6486-4BE1-9C16-030BF0E4C2E4}.Debug|Any CPU.ActiveCfg = Debug|Any CPU
		{39CA3A86-6486-4BE1-9C16-030BF0E4C2E4}.Debug|Any CPU.Build.0 = Debug|Any CPU
		{39CA3A86-6486-4BE1-9C16-030BF0E4C2E4}.Release|Any CPU.ActiveCfg = Release|Any CPU
		{39CA3A86-6486-4BE1-9C16-030BF0E4C2E4}.Release|Any CPU.Build.0 = Release|Any CPU
		{4F86BA8C-A902-4FEC-9811-5633D96D72F4}.Debug|Any CPU.ActiveCfg = Debug|Any CPU
		{4F86BA8C-A902-4FEC-9811-5633D96D72F4}.Debug|Any CPU.Build.0 = Debug|Any CPU
		{4F86BA8C-A902-4FEC-9811-5633D96D72F4}.Release|Any CPU.ActiveCfg = Release|Any CPU
		{4F86BA8C-A902-4FEC-9811-5633D96D72F4}.Release|Any CPU.Build.0 = Release|Any CPU
		{ABD4A2F9-6136-4DC5-BB2B-8506762FE8F1}.Debug|Any CPU.ActiveCfg = Debug|Any CPU
		{ABD4A2F9-6136-4DC5-BB2B-8506762FE8F1}.Debug|Any CPU.Build.0 = Debug|Any CPU
		{ABD4A2F9-6136-4DC5-BB2B-8506762FE8F1}.Release|Any CPU.ActiveCfg = Release|Any CPU
		{ABD4A2F9-6136-4DC5-BB2B-8506762FE8F1}.Release|Any CPU.Build.0 = Release|Any CPU
		{88C8B981-E526-4ECE-90A9-7BD8235C78D6}.Debug|Any CPU.ActiveCfg = Debug|Any CPU
		{88C8B981-E526-4ECE-90A9-7BD8235C78D6}.Debug|Any CPU.Build.0 = Debug|Any CPU
		{88C8B981-E526-4ECE-90A9-7BD8235C78D6}.Release|Any CPU.ActiveCfg = Release|Any CPU
		{88C8B981-E526-4ECE-90A9-7BD8235C78D6}.Release|Any CPU.Build.0 = Release|Any CPU
		{94477332-ABCD-4E4E-95A4-C87311A114B6}.Debug|Any CPU.ActiveCfg = Debug|Any CPU
		{94477332-ABCD-4E4E-95A4-C87311A114B6}.Debug|Any CPU.Build.0 = Debug|Any CPU
		{94477332-ABCD-4E4E-95A4-C87311A114B6}.Release|Any CPU.ActiveCfg = Release|Any CPU
		{94477332-ABCD-4E4E-95A4-C87311A114B6}.Release|Any CPU.Build.0 = Release|Any CPU
		{54AA65CF-1ECF-4CEE-BBFC-021AEF460AA1}.Debug|Any CPU.ActiveCfg = Debug|Any CPU
		{54AA65CF-1ECF-4CEE-BBFC-021AEF460AA1}.Debug|Any CPU.Build.0 = Debug|Any CPU
		{54AA65CF-1ECF-4CEE-BBFC-021AEF460AA1}.Release|Any CPU.ActiveCfg = Release|Any CPU
		{54AA65CF-1ECF-4CEE-BBFC-021AEF460AA1}.Release|Any CPU.Build.0 = Release|Any CPU
	EndGlobalSection
	GlobalSection(SolutionProperties) = preSolution
		HideSolutionNode = FALSE
	EndGlobalSection
	GlobalSection(ExtensibilityGlobals) = postSolution
		SolutionGuid = {D4967F70-58B7-46DD-B050-C168381032AD}
	EndGlobalSection
EndGlobal
