
Microsoft Visual Studio Solution File, Format Version 12.00
# Visual Studio Version 17
VisualStudioVersion = 17.1.32421.90
MinimumVisualStudioVersion = 10.0.40219.1
Project("{FAE04EC0-301F-11D3-BF4B-00C04F79EFBC}") = "01. Sort Even Numbers", "01. Sort Even Numbers\01. Sort Even Numbers.csproj", "{EEAA1995-F097-4403-8CCC-AFBCA8C6F283}"
EndProject
Project("{FAE04EC0-301F-11D3-BF4B-00C04F79EFBC}") = "02. Sum Numbers", "02. Sum Numbers\02. Sum Numbers.csproj", "{C2C8AD5B-2C4E-48B9-B238-A6B9464E3D62}"
EndProject
Project("{FAE04EC0-301F-11D3-BF4B-00C04F79EFBC}") = "03. Count Uppercase Words", "03. Count Uppercase Words\03. Count Uppercase Words.csproj", "{E79E5A85-644E-4ECA-AE9E-7987DB48DBE1}"
EndProject
Project("{FAE04EC0-301F-11D3-BF4B-00C04F79EFBC}") = "04. Add VAT", "04. Add VAT\04. Add VAT.csproj", "{F8610887-237C-4062-9A10-51EA95ED4F24}"
EndProject
Project("{FAE04EC0-301F-11D3-BF4B-00C04F79EFBC}") = "05. Filter by Age", "05. Filter by Age\05. Filter by Age.csproj", "{322D7210-9759-4692-81A1-7DE91BA9CB0A}"
EndProject
Global
	GlobalSection(SolutionConfigurationPlatforms) = preSolution
		Debug|Any CPU = Debug|Any CPU
		Release|Any CPU = Release|Any CPU
	EndGlobalSection
	GlobalSection(ProjectConfigurationPlatforms) = postSolution
		{EEAA1995-F097-4403-8CCC-AFBCA8C6F283}.Debug|Any CPU.ActiveCfg = Debug|Any CPU
		{EEAA1995-F097-4403-8CCC-AFBCA8C6F283}.Debug|Any CPU.Build.0 = Debug|Any CPU
		{EEAA1995-F097-4403-8CCC-AFBCA8C6F283}.Release|Any CPU.ActiveCfg = Release|Any CPU
		{EEAA1995-F097-4403-8CCC-AFBCA8C6F283}.Release|Any CPU.Build.0 = Release|Any CPU
		{C2C8AD5B-2C4E-48B9-B238-A6B9464E3D62}.Debug|Any CPU.ActiveCfg = Debug|Any CPU
		{C2C8AD5B-2C4E-48B9-B238-A6B9464E3D62}.Debug|Any CPU.Build.0 = Debug|Any CPU
		{C2C8AD5B-2C4E-48B9-B238-A6B9464E3D62}.Release|Any CPU.ActiveCfg = Release|Any CPU
		{C2C8AD5B-2C4E-48B9-B238-A6B9464E3D62}.Release|Any CPU.Build.0 = Release|Any CPU
		{E79E5A85-644E-4ECA-AE9E-7987DB48DBE1}.Debug|Any CPU.ActiveCfg = Debug|Any CPU
		{E79E5A85-644E-4ECA-AE9E-7987DB48DBE1}.Debug|Any CPU.Build.0 = Debug|Any CPU
		{E79E5A85-644E-4ECA-AE9E-7987DB48DBE1}.Release|Any CPU.ActiveCfg = Release|Any CPU
		{E79E5A85-644E-4ECA-AE9E-7987DB48DBE1}.Release|Any CPU.Build.0 = Release|Any CPU
		{F8610887-237C-4062-9A10-51EA95ED4F24}.Debug|Any CPU.ActiveCfg = Debug|Any CPU
		{F8610887-237C-4062-9A10-51EA95ED4F24}.Debug|Any CPU.Build.0 = Debug|Any CPU
		{F8610887-237C-4062-9A10-51EA95ED4F24}.Release|Any CPU.ActiveCfg = Release|Any CPU
		{F8610887-237C-4062-9A10-51EA95ED4F24}.Release|Any CPU.Build.0 = Release|Any CPU
		{322D7210-9759-4692-81A1-7DE91BA9CB0A}.Debug|Any CPU.ActiveCfg = Debug|Any CPU
		{322D7210-9759-4692-81A1-7DE91BA9CB0A}.Debug|Any CPU.Build.0 = Debug|Any CPU
		{322D7210-9759-4692-81A1-7DE91BA9CB0A}.Release|Any CPU.ActiveCfg = Release|Any CPU
		{322D7210-9759-4692-81A1-7DE91BA9CB0A}.Release|Any CPU.Build.0 = Release|Any CPU
	EndGlobalSection
	GlobalSection(SolutionProperties) = preSolution
		HideSolutionNode = FALSE
	EndGlobalSection
	GlobalSection(ExtensibilityGlobals) = postSolution
		SolutionGuid = {6277571B-608F-4FCA-ACE1-F6E8D93504B5}
	EndGlobalSection
EndGlobal
