
Microsoft Visual Studio Solution File, Format Version 12.00
# Visual Studio Version 17
VisualStudioVersion = 17.2.32616.157
MinimumVisualStudioVersion = 10.0.40219.1
Project("{FAE04EC0-301F-11D3-BF4B-00C04F79EFBC}") = "PersonsInfo", "PersonsInfo\PersonsInfo.csproj", "{71A510D1-F109-41B7-B328-FB63EF70CACA}"
EndProject
Global
	GlobalSection(SolutionConfigurationPlatforms) = preSolution
		Debug|Any CPU = Debug|Any CPU
		Release|Any CPU = Release|Any CPU
	EndGlobalSection
	GlobalSection(ProjectConfigurationPlatforms) = postSolution
		{71A510D1-F109-41B7-B328-FB63EF70CACA}.Debug|Any CPU.ActiveCfg = Debug|Any CPU
		{71A510D1-F109-41B7-B328-FB63EF70CACA}.Debug|Any CPU.Build.0 = Debug|Any CPU
		{71A510D1-F109-41B7-B328-FB63EF70CACA}.Release|Any CPU.ActiveCfg = Release|Any CPU
		{71A510D1-F109-41B7-B328-FB63EF70CACA}.Release|Any CPU.Build.0 = Release|Any CPU
	EndGlobalSection
	GlobalSection(SolutionProperties) = preSolution
		HideSolutionNode = FALSE
	EndGlobalSection
	GlobalSection(ExtensibilityGlobals) = postSolution
		SolutionGuid = {FF90B533-5865-44AB-B396-917956080748}
	EndGlobalSection
EndGlobal
