
Microsoft Visual Studio Solution File, Format Version 12.00
# Visual Studio Version 16
VisualStudioVersion = 16.0.31729.503
MinimumVisualStudioVersion = 10.0.40219.1
Project("{9A19103F-16F7-4668-BE54-9A1E7A4F7556}") = "01. Cat Diet", "01. Cat Diet\01. Cat Diet.csproj", "{3F18D8D5-AE06-48F8-8D80-5A8546018F8B}"
EndProject
Project("{9A19103F-16F7-4668-BE54-9A1E7A4F7556}") = "02. Football Kit", "02. Football Kit\02. Football Kit.csproj", "{A18E3B78-2F07-4B80-A920-967100A6AACE}"
EndProject
Project("{9A19103F-16F7-4668-BE54-9A1E7A4F7556}") = "03. Excursion Calculator", "03. Excursion Calculator\03. Excursion Calculator.csproj", "{332FF820-3A91-420A-AE90-0C27BA81D13D}"
EndProject
Project("{9A19103F-16F7-4668-BE54-9A1E7A4F7556}") = "04. Exam", "04. Exam\04. Exam.csproj", "{90F026B9-6FE0-449D-B1BA-2196809CA427}"
EndProject
Project("{9A19103F-16F7-4668-BE54-9A1E7A4F7556}") = "05. Everest", "05. Everest\05. Everest.csproj", "{9D88748F-B94D-4383-BF2F-D396D12DD407}"
EndProject
Project("{9A19103F-16F7-4668-BE54-9A1E7A4F7556}") = "06. Unique PIN Codes", "06. Unique PIN Codes\06. Unique PIN Codes.csproj", "{DC2A0EDC-8160-4FC3-8EF2-4FAB9F035161}"
EndProject
Project("{FAE04EC0-301F-11D3-BF4B-00C04F79EFBC}") = "07. Count Non-working Days", "07. Count Non-working Days\07. Count Non-working Days.csproj", "{12EB354E-161A-44F9-9917-476F4F6225FB}"
EndProject
Global
	GlobalSection(SolutionConfigurationPlatforms) = preSolution
		Debug|Any CPU = Debug|Any CPU
		Release|Any CPU = Release|Any CPU
	EndGlobalSection
	GlobalSection(ProjectConfigurationPlatforms) = postSolution
		{3F18D8D5-AE06-48F8-8D80-5A8546018F8B}.Debug|Any CPU.ActiveCfg = Debug|Any CPU
		{3F18D8D5-AE06-48F8-8D80-5A8546018F8B}.Debug|Any CPU.Build.0 = Debug|Any CPU
		{3F18D8D5-AE06-48F8-8D80-5A8546018F8B}.Release|Any CPU.ActiveCfg = Release|Any CPU
		{3F18D8D5-AE06-48F8-8D80-5A8546018F8B}.Release|Any CPU.Build.0 = Release|Any CPU
		{A18E3B78-2F07-4B80-A920-967100A6AACE}.Debug|Any CPU.ActiveCfg = Debug|Any CPU
		{A18E3B78-2F07-4B80-A920-967100A6AACE}.Debug|Any CPU.Build.0 = Debug|Any CPU
		{A18E3B78-2F07-4B80-A920-967100A6AACE}.Release|Any CPU.ActiveCfg = Release|Any CPU
		{A18E3B78-2F07-4B80-A920-967100A6AACE}.Release|Any CPU.Build.0 = Release|Any CPU
		{332FF820-3A91-420A-AE90-0C27BA81D13D}.Debug|Any CPU.ActiveCfg = Debug|Any CPU
		{332FF820-3A91-420A-AE90-0C27BA81D13D}.Debug|Any CPU.Build.0 = Debug|Any CPU
		{332FF820-3A91-420A-AE90-0C27BA81D13D}.Release|Any CPU.ActiveCfg = Release|Any CPU
		{332FF820-3A91-420A-AE90-0C27BA81D13D}.Release|Any CPU.Build.0 = Release|Any CPU
		{90F026B9-6FE0-449D-B1BA-2196809CA427}.Debug|Any CPU.ActiveCfg = Debug|Any CPU
		{90F026B9-6FE0-449D-B1BA-2196809CA427}.Debug|Any CPU.Build.0 = Debug|Any CPU
		{90F026B9-6FE0-449D-B1BA-2196809CA427}.Release|Any CPU.ActiveCfg = Release|Any CPU
		{90F026B9-6FE0-449D-B1BA-2196809CA427}.Release|Any CPU.Build.0 = Release|Any CPU
		{9D88748F-B94D-4383-BF2F-D396D12DD407}.Debug|Any CPU.ActiveCfg = Debug|Any CPU
		{9D88748F-B94D-4383-BF2F-D396D12DD407}.Debug|Any CPU.Build.0 = Debug|Any CPU
		{9D88748F-B94D-4383-BF2F-D396D12DD407}.Release|Any CPU.ActiveCfg = Release|Any CPU
		{9D88748F-B94D-4383-BF2F-D396D12DD407}.Release|Any CPU.Build.0 = Release|Any CPU
		{DC2A0EDC-8160-4FC3-8EF2-4FAB9F035161}.Debug|Any CPU.ActiveCfg = Debug|Any CPU
		{DC2A0EDC-8160-4FC3-8EF2-4FAB9F035161}.Debug|Any CPU.Build.0 = Debug|Any CPU
		{DC2A0EDC-8160-4FC3-8EF2-4FAB9F035161}.Release|Any CPU.ActiveCfg = Release|Any CPU
		{DC2A0EDC-8160-4FC3-8EF2-4FAB9F035161}.Release|Any CPU.Build.0 = Release|Any CPU
		{12EB354E-161A-44F9-9917-476F4F6225FB}.Debug|Any CPU.ActiveCfg = Debug|Any CPU
		{12EB354E-161A-44F9-9917-476F4F6225FB}.Debug|Any CPU.Build.0 = Debug|Any CPU
		{12EB354E-161A-44F9-9917-476F4F6225FB}.Release|Any CPU.ActiveCfg = Release|Any CPU
		{12EB354E-161A-44F9-9917-476F4F6225FB}.Release|Any CPU.Build.0 = Release|Any CPU
	EndGlobalSection
	GlobalSection(SolutionProperties) = preSolution
		HideSolutionNode = FALSE
	EndGlobalSection
	GlobalSection(ExtensibilityGlobals) = postSolution
		SolutionGuid = {28EEE144-088B-40F5-9904-26932F64B1ED}
	EndGlobalSection
EndGlobal
