
Microsoft Visual Studio Solution File, Format Version 12.00
# Visual Studio Version 17
VisualStudioVersion = 17.3.32804.467
MinimumVisualStudioVersion = 10.0.40219.1
Project("{9A19103F-16F7-4668-BE54-9A1E7A4F7556}") = "PlanetWars", "OOP\PlanetWarsLogic\PlanetWars.csproj", "{317CD18F-DB36-44D6-B82A-E4792BA46932}"
EndProject
Project("{9A19103F-16F7-4668-BE54-9A1E7A4F7556}") = "PlanetWarsU", "UnitTests\PlanetWars\PlanetWarsU.csproj", "{0A460B95-50D1-4327-B2CD-0E668080112B}"
EndProject
Project("{9A19103F-16F7-4668-BE54-9A1E7A4F7556}") = "PlanetWarsU.Tests", "UnitTests\PlanetWars.Tests\PlanetWarsU.Tests.csproj", "{A6F40138-AC84-456A-BF89-024B7E3BCB4F}"
EndProject
Global
	GlobalSection(SolutionConfigurationPlatforms) = preSolution
		Debug|Any CPU = Debug|Any CPU
		Release|Any CPU = Release|Any CPU
	EndGlobalSection
	GlobalSection(ProjectConfigurationPlatforms) = postSolution
		{317CD18F-DB36-44D6-B82A-E4792BA46932}.Debug|Any CPU.ActiveCfg = Debug|Any CPU
		{317CD18F-DB36-44D6-B82A-E4792BA46932}.Debug|Any CPU.Build.0 = Debug|Any CPU
		{317CD18F-DB36-44D6-B82A-E4792BA46932}.Release|Any CPU.ActiveCfg = Release|Any CPU
		{317CD18F-DB36-44D6-B82A-E4792BA46932}.Release|Any CPU.Build.0 = Release|Any CPU
		{0A460B95-50D1-4327-B2CD-0E668080112B}.Debug|Any CPU.ActiveCfg = Debug|Any CPU
		{0A460B95-50D1-4327-B2CD-0E668080112B}.Debug|Any CPU.Build.0 = Debug|Any CPU
		{0A460B95-50D1-4327-B2CD-0E668080112B}.Release|Any CPU.ActiveCfg = Release|Any CPU
		{0A460B95-50D1-4327-B2CD-0E668080112B}.Release|Any CPU.Build.0 = Release|Any CPU
		{A6F40138-AC84-456A-BF89-024B7E3BCB4F}.Debug|Any CPU.ActiveCfg = Debug|Any CPU
		{A6F40138-AC84-456A-BF89-024B7E3BCB4F}.Debug|Any CPU.Build.0 = Debug|Any CPU
		{A6F40138-AC84-456A-BF89-024B7E3BCB4F}.Release|Any CPU.ActiveCfg = Release|Any CPU
		{A6F40138-AC84-456A-BF89-024B7E3BCB4F}.Release|Any CPU.Build.0 = Release|Any CPU
	EndGlobalSection
	GlobalSection(SolutionProperties) = preSolution
		HideSolutionNode = FALSE
	EndGlobalSection
	GlobalSection(ExtensibilityGlobals) = postSolution
		SolutionGuid = {96535221-384F-4BF1-8FC1-24CD316910E9}
	EndGlobalSection
EndGlobal
