
Microsoft Visual Studio Solution File, Format Version 12.00
# Visual Studio Version 16
VisualStudioVersion = 16.0.31729.503
MinimumVisualStudioVersion = 10.0.40219.1
Project("{FAE04EC0-301F-11D3-BF4B-00C04F79EFBC}") = "01. Clock", "01. Clock\01. Clock.csproj", "{D18198A8-0D26-41A6-A695-C3845BA9E576}"
EndProject
Project("{FAE04EC0-301F-11D3-BF4B-00C04F79EFBC}") = "02. Multiplication Table", "02. Multiplication Table\02. Multiplication Table.csproj", "{C45FB867-3F7C-4C40-B6BE-3686EF388D2A}"
EndProject
Project("{FAE04EC0-301F-11D3-BF4B-00C04F79EFBC}") = "03. Combinations", "03. Combinations\03. Combinations.csproj", "{362256D6-BAD2-44B6-B98C-295F25714CB7}"
EndProject
Project("{FAE04EC0-301F-11D3-BF4B-00C04F79EFBC}") = "04. Sum of Two Numbers", "04. Sum of Two Numbers\04. Sum of Two Numbers.csproj", "{CCD90D53-59CC-4776-AB31-19B520FD972B}"
EndProject
Project("{FAE04EC0-301F-11D3-BF4B-00C04F79EFBC}") = "05. Travelling", "05. Travelling\05. Travelling.csproj", "{AA06E333-2D58-41D1-AE32-B5EAD6881A3A}"
EndProject
Project("{FAE04EC0-301F-11D3-BF4B-00C04F79EFBC}") = "06. Building", "06. Building\06. Building.csproj", "{2A4B264B-50E0-4CC2-87F0-49D6990DDAE6}"
EndProject
Global
	GlobalSection(SolutionConfigurationPlatforms) = preSolution
		Debug|Any CPU = Debug|Any CPU
		Release|Any CPU = Release|Any CPU
	EndGlobalSection
	GlobalSection(ProjectConfigurationPlatforms) = postSolution
		{D18198A8-0D26-41A6-A695-C3845BA9E576}.Debug|Any CPU.ActiveCfg = Debug|Any CPU
		{D18198A8-0D26-41A6-A695-C3845BA9E576}.Debug|Any CPU.Build.0 = Debug|Any CPU
		{D18198A8-0D26-41A6-A695-C3845BA9E576}.Release|Any CPU.ActiveCfg = Release|Any CPU
		{D18198A8-0D26-41A6-A695-C3845BA9E576}.Release|Any CPU.Build.0 = Release|Any CPU
		{C45FB867-3F7C-4C40-B6BE-3686EF388D2A}.Debug|Any CPU.ActiveCfg = Debug|Any CPU
		{C45FB867-3F7C-4C40-B6BE-3686EF388D2A}.Debug|Any CPU.Build.0 = Debug|Any CPU
		{C45FB867-3F7C-4C40-B6BE-3686EF388D2A}.Release|Any CPU.ActiveCfg = Release|Any CPU
		{C45FB867-3F7C-4C40-B6BE-3686EF388D2A}.Release|Any CPU.Build.0 = Release|Any CPU
		{362256D6-BAD2-44B6-B98C-295F25714CB7}.Debug|Any CPU.ActiveCfg = Debug|Any CPU
		{362256D6-BAD2-44B6-B98C-295F25714CB7}.Debug|Any CPU.Build.0 = Debug|Any CPU
		{362256D6-BAD2-44B6-B98C-295F25714CB7}.Release|Any CPU.ActiveCfg = Release|Any CPU
		{362256D6-BAD2-44B6-B98C-295F25714CB7}.Release|Any CPU.Build.0 = Release|Any CPU
		{CCD90D53-59CC-4776-AB31-19B520FD972B}.Debug|Any CPU.ActiveCfg = Debug|Any CPU
		{CCD90D53-59CC-4776-AB31-19B520FD972B}.Debug|Any CPU.Build.0 = Debug|Any CPU
		{CCD90D53-59CC-4776-AB31-19B520FD972B}.Release|Any CPU.ActiveCfg = Release|Any CPU
		{CCD90D53-59CC-4776-AB31-19B520FD972B}.Release|Any CPU.Build.0 = Release|Any CPU
		{AA06E333-2D58-41D1-AE32-B5EAD6881A3A}.Debug|Any CPU.ActiveCfg = Debug|Any CPU
		{AA06E333-2D58-41D1-AE32-B5EAD6881A3A}.Debug|Any CPU.Build.0 = Debug|Any CPU
		{AA06E333-2D58-41D1-AE32-B5EAD6881A3A}.Release|Any CPU.ActiveCfg = Release|Any CPU
		{AA06E333-2D58-41D1-AE32-B5EAD6881A3A}.Release|Any CPU.Build.0 = Release|Any CPU
		{2A4B264B-50E0-4CC2-87F0-49D6990DDAE6}.Debug|Any CPU.ActiveCfg = Debug|Any CPU
		{2A4B264B-50E0-4CC2-87F0-49D6990DDAE6}.Debug|Any CPU.Build.0 = Debug|Any CPU
		{2A4B264B-50E0-4CC2-87F0-49D6990DDAE6}.Release|Any CPU.ActiveCfg = Release|Any CPU
		{2A4B264B-50E0-4CC2-87F0-49D6990DDAE6}.Release|Any CPU.Build.0 = Release|Any CPU
	EndGlobalSection
	GlobalSection(SolutionProperties) = preSolution
		HideSolutionNode = FALSE
	EndGlobalSection
	GlobalSection(ExtensibilityGlobals) = postSolution
		SolutionGuid = {00FE7A19-7869-4A28-96C4-CE3D172BD409}
	EndGlobalSection
EndGlobal
